
Microsoft Visual Studio Solution File, Format Version 12.00
# Visual Studio Version 17
VisualStudioVersion = 17.5.002.0
MinimumVisualStudioVersion = 10.0.40219.1
Project("{9A19103F-16F7-4668-BE54-9A1E7A4F7556}") = "TheEmployeeAPI", "TheEmployeeAPI.csproj", "{3895F163-339C-4CE0-A164-16BAEA0961B2}"
EndProject
Global
	GlobalSection(SolutionConfigurationPlatforms) = preSolution
		Debug|Any CPU = Debug|Any CPU
		Release|Any CPU = Release|Any CPU
	EndGlobalSection
	GlobalSection(ProjectConfigurationPlatforms) = postSolution
		{3895F163-339C-4CE0-A164-16BAEA0961B2}.Debug|Any CPU.ActiveCfg = Debug|Any CPU
		{3895F163-339C-4CE0-A164-16BAEA0961B2}.Debug|Any CPU.Build.0 = Debug|Any CPU
		{3895F163-339C-4CE0-A164-16BAEA0961B2}.Release|Any CPU.ActiveCfg = Release|Any CPU
		{3895F163-339C-4CE0-A164-16BAEA0961B2}.Release|Any CPU.Build.0 = Release|Any CPU
	EndGlobalSection
	GlobalSection(SolutionProperties) = preSolution
		HideSolutionNode = FALSE
	EndGlobalSection
	GlobalSection(ExtensibilityGlobals) = postSolution
		SolutionGuid = {A3872007-D50C-4580-9874-1E4D34624378}
	EndGlobalSection
EndGlobal
